
Microsoft Visual Studio Solution File, Format Version 12.00
# Visual Studio Version 16
VisualStudioVersion = 16.0.30717.126
MinimumVisualStudioVersion = 10.0.40219.1
Project("{FAE04EC0-301F-11D3-BF4B-00C04F79EFBC}") = "creator_sql_file", "creator_sql_file\creator_sql_file.csproj", "{51B7C70B-1ED7-4B3A-BA31-30B1CCB08493}"
EndProject
Global
	GlobalSection(SolutionConfigurationPlatforms) = preSolution
		Debug|Any CPU = Debug|Any CPU
		Release|Any CPU = Release|Any CPU
	EndGlobalSection
	GlobalSection(ProjectConfigurationPlatforms) = postSolution
		{51B7C70B-1ED7-4B3A-BA31-30B1CCB08493}.Debug|Any CPU.ActiveCfg = Debug|Any CPU
		{51B7C70B-1ED7-4B3A-BA31-30B1CCB08493}.Debug|Any CPU.Build.0 = Debug|Any CPU
		{51B7C70B-1ED7-4B3A-BA31-30B1CCB08493}.Release|Any CPU.ActiveCfg = Release|Any CPU
		{51B7C70B-1ED7-4B3A-BA31-30B1CCB08493}.Release|Any CPU.Build.0 = Release|Any CPU
	EndGlobalSection
	GlobalSection(SolutionProperties) = preSolution
		HideSolutionNode = FALSE
	EndGlobalSection
	GlobalSection(ExtensibilityGlobals) = postSolution
		SolutionGuid = {02C266AC-52AB-4C0B-93DE-1D931CB5EC03}
	EndGlobalSection
EndGlobal
